
Microsoft Visual Studio Solution File, Format Version 12.00
# Visual Studio Version 16
VisualStudioVersion = 16.0.30002.166
MinimumVisualStudioVersion = 10.0.40219.1
Project("{2150E333-8FDC-42A3-9474-1A3956D46DE8}") = ".paket", ".paket", "{066889D2-6808-4368-BF2D-07D24E8CDBA0}"
	ProjectSection(SolutionItems) = preProject
		paket.dependencies = paket.dependencies
	EndProjectSection
EndProject
Project("{6EC3EE1D-3C4E-46DD-8F32-0CC8E7565705}") = "FPUsingFSharp", "FPUsingFSharp\FPUsingFSharp.fsproj", "{6A0DFB12-4F8D-4764-AD80-04E82DEF6405}"
EndProject
Project("{6EC3EE1D-3C4E-46DD-8F32-0CC8E7565705}") = "GetProgrammingFSharp", "GetProgrammingFSharp\GetProgrammingFSharp.fsproj", "{A221B789-0A45-499D-8629-6BABDD756EE3}"
EndProject
Project("{6EC3EE1D-3C4E-46DD-8F32-0CC8E7565705}") = "lesson-08-capstone-1", "lesson-08\lesson-08-capstone-1.fsproj", "{E1137116-456B-4EB1-9991-118BFDDA5569}"
EndProject
Project("{6EC3EE1D-3C4E-46DD-8F32-0CC8E7565705}") = "lesson-12", "lesson-12\lesson-12.fsproj", "{1A67B4D3-C472-4F36-916F-EEFF52460E48}"
EndProject
Project("{6EC3EE1D-3C4E-46DD-8F32-0CC8E7565705}") = "lesson-14-capstone-2", "lesson-14-capstone-2\lesson-14-capstone-2.fsproj", "{189B8C07-E498-4AF2-981F-CB4FD5E8E33A}"
EndProject
Project("{6EC3EE1D-3C4E-46DD-8F32-0CC8E7565705}") = "lesson-19-capstone-3", "lesson-19-capstone-3\lesson-19-capstone-3.fsproj", "{2209EA25-F4B1-433D-BB9E-E630EE295454}"
EndProject
Project("{6EC3EE1D-3C4E-46DD-8F32-0CC8E7565705}") = "lesson-24-capstone-4", "lesson-24-capstone-4\lesson-24-capstone-4.fsproj", "{7FD76CDA-8F02-44A0-AFCB-FA739235A52B}"
EndProject
Project("{F2A71F9B-5D33-465A-A702-920D77279786}") = "lesson-25", "lesson-25\lesson-25.fsproj", "{6A2C8A03-3C62-4F6A-AE11-13CA4F3C3D0A}"
EndProject
Project("{FAE04EC0-301F-11D3-BF4B-00C04F79EFBC}") = "CSharpProject", "CSharpProject\CSharpProject.csproj", "{5B17A5B8-2C45-4B96-8DA4-773293BFE5D8}"
EndProject
Global
	GlobalSection(SolutionConfigurationPlatforms) = preSolution
		Debug|Any CPU = Debug|Any CPU
		Release|Any CPU = Release|Any CPU
	EndGlobalSection
	GlobalSection(ProjectConfigurationPlatforms) = postSolution
		{6A0DFB12-4F8D-4764-AD80-04E82DEF6405}.Debug|Any CPU.ActiveCfg = Debug|Any CPU
		{6A0DFB12-4F8D-4764-AD80-04E82DEF6405}.Debug|Any CPU.Build.0 = Debug|Any CPU
		{6A0DFB12-4F8D-4764-AD80-04E82DEF6405}.Release|Any CPU.ActiveCfg = Release|Any CPU
		{6A0DFB12-4F8D-4764-AD80-04E82DEF6405}.Release|Any CPU.Build.0 = Release|Any CPU
		{A221B789-0A45-499D-8629-6BABDD756EE3}.Debug|Any CPU.ActiveCfg = Debug|Any CPU
		{A221B789-0A45-499D-8629-6BABDD756EE3}.Debug|Any CPU.Build.0 = Debug|Any CPU
		{A221B789-0A45-499D-8629-6BABDD756EE3}.Release|Any CPU.ActiveCfg = Release|Any CPU
		{A221B789-0A45-499D-8629-6BABDD756EE3}.Release|Any CPU.Build.0 = Release|Any CPU
		{E1137116-456B-4EB1-9991-118BFDDA5569}.Debug|Any CPU.ActiveCfg = Debug|Any CPU
		{E1137116-456B-4EB1-9991-118BFDDA5569}.Debug|Any CPU.Build.0 = Debug|Any CPU
		{E1137116-456B-4EB1-9991-118BFDDA5569}.Release|Any CPU.ActiveCfg = Release|Any CPU
		{E1137116-456B-4EB1-9991-118BFDDA5569}.Release|Any CPU.Build.0 = Release|Any CPU
		{1A67B4D3-C472-4F36-916F-EEFF52460E48}.Debug|Any CPU.ActiveCfg = Debug|Any CPU
		{1A67B4D3-C472-4F36-916F-EEFF52460E48}.Debug|Any CPU.Build.0 = Debug|Any CPU
		{1A67B4D3-C472-4F36-916F-EEFF52460E48}.Release|Any CPU.ActiveCfg = Release|Any CPU
		{1A67B4D3-C472-4F36-916F-EEFF52460E48}.Release|Any CPU.Build.0 = Release|Any CPU
		{189B8C07-E498-4AF2-981F-CB4FD5E8E33A}.Debug|Any CPU.ActiveCfg = Debug|Any CPU
		{189B8C07-E498-4AF2-981F-CB4FD5E8E33A}.Debug|Any CPU.Build.0 = Debug|Any CPU
		{189B8C07-E498-4AF2-981F-CB4FD5E8E33A}.Release|Any CPU.ActiveCfg = Release|Any CPU
		{189B8C07-E498-4AF2-981F-CB4FD5E8E33A}.Release|Any CPU.Build.0 = Release|Any CPU
		{2209EA25-F4B1-433D-BB9E-E630EE295454}.Debug|Any CPU.ActiveCfg = Debug|Any CPU
		{2209EA25-F4B1-433D-BB9E-E630EE295454}.Debug|Any CPU.Build.0 = Debug|Any CPU
		{2209EA25-F4B1-433D-BB9E-E630EE295454}.Release|Any CPU.ActiveCfg = Release|Any CPU
		{2209EA25-F4B1-433D-BB9E-E630EE295454}.Release|Any CPU.Build.0 = Release|Any CPU
		{7FD76CDA-8F02-44A0-AFCB-FA739235A52B}.Debug|Any CPU.ActiveCfg = Debug|Any CPU
		{7FD76CDA-8F02-44A0-AFCB-FA739235A52B}.Debug|Any CPU.Build.0 = Debug|Any CPU
		{7FD76CDA-8F02-44A0-AFCB-FA739235A52B}.Release|Any CPU.ActiveCfg = Release|Any CPU
		{7FD76CDA-8F02-44A0-AFCB-FA739235A52B}.Release|Any CPU.Build.0 = Release|Any CPU
		{6A2C8A03-3C62-4F6A-AE11-13CA4F3C3D0A}.Debug|Any CPU.ActiveCfg = Debug|Any CPU
		{6A2C8A03-3C62-4F6A-AE11-13CA4F3C3D0A}.Debug|Any CPU.Build.0 = Debug|Any CPU
		{6A2C8A03-3C62-4F6A-AE11-13CA4F3C3D0A}.Release|Any CPU.ActiveCfg = Release|Any CPU
		{6A2C8A03-3C62-4F6A-AE11-13CA4F3C3D0A}.Release|Any CPU.Build.0 = Release|Any CPU
		{5B17A5B8-2C45-4B96-8DA4-773293BFE5D8}.Debug|Any CPU.ActiveCfg = Debug|Any CPU
		{5B17A5B8-2C45-4B96-8DA4-773293BFE5D8}.Debug|Any CPU.Build.0 = Debug|Any CPU
		{5B17A5B8-2C45-4B96-8DA4-773293BFE5D8}.Release|Any CPU.ActiveCfg = Release|Any CPU
		{5B17A5B8-2C45-4B96-8DA4-773293BFE5D8}.Release|Any CPU.Build.0 = Release|Any CPU
	EndGlobalSection
	GlobalSection(SolutionProperties) = preSolution
		HideSolutionNode = FALSE
	EndGlobalSection
	GlobalSection(ExtensibilityGlobals) = postSolution
		SolutionGuid = {1E4173BA-A816-4DCB-9267-6573DAE4DA24}
	EndGlobalSection
EndGlobal
